
Microsoft Visual Studio Solution File, Format Version 12.00
# Visual Studio 15
VisualStudioVersion = 15.0.28307.489
MinimumVisualStudioVersion = 10.0.40219.1
Project("{9A19103F-16F7-4668-BE54-9A1E7A4F7556}") = "DatingApp.API", "DatingApp.API.csproj", "{AB27F821-CF55-4A79-865B-8E1D991261D8}"
EndProject
Global
	GlobalSection(SolutionConfigurationPlatforms) = preSolution
		Debug|Any CPU = Debug|Any CPU
		Release|Any CPU = Release|Any CPU
	EndGlobalSection
	GlobalSection(ProjectConfigurationPlatforms) = postSolution
		{AB27F821-CF55-4A79-865B-8E1D991261D8}.Debug|Any CPU.ActiveCfg = Debug|Any CPU
		{AB27F821-CF55-4A79-865B-8E1D991261D8}.Debug|Any CPU.Build.0 = Debug|Any CPU
		{AB27F821-CF55-4A79-865B-8E1D991261D8}.Release|Any CPU.ActiveCfg = Release|Any CPU
		{AB27F821-CF55-4A79-865B-8E1D991261D8}.Release|Any CPU.Build.0 = Release|Any CPU
	EndGlobalSection
	GlobalSection(SolutionProperties) = preSolution
		HideSolutionNode = FALSE
	EndGlobalSection
	GlobalSection(ExtensibilityGlobals) = postSolution
		SolutionGuid = {5E6D80AC-8595-42D5-B047-E50EC1F81999}
	EndGlobalSection
EndGlobal
